{
  "version": 4,
  "terraform_version": "1.12.2",
  "serial": 27,
  "lineage": "0e4942f5-02f8-0fa1-5d3e-2bd002b3bf2b",
  "outputs": {
    "jumpserver_public_ip": {
      "value": "15.206.173.52",
      "type": "string"
    }
  },
  "resources": [
    {
      "mode": "managed",
      "type": "aws_key_pair",
      "name": "jump",
      "provider": "provider[\"registry.terraform.io/hashicorp/aws\"]",
      "instances": [
        {
          "schema_version": 1,
          "attributes": {
            "arn": "arn:aws:ec2:ap-south-1:584730103345:key-pair/jumpserver-key",
            "fingerprint": "8f2f5huRpBZ4u4IxqnHihKPmHtgoGAfasXTMjIHoj78=",
            "id": "jumpserver-key",
            "key_name": "jumpserver-key",
            "key_name_prefix": "",
            "key_pair_id": "key-0e50defbc0fb2fce4",
            "key_type": "ed25519",
            "public_key": "ssh-ed25519 AAAAC3NzaC1lZDI1NTE5AAAAIG5u7sfECjgitFp5e+r4Esl93lTApdzOt37wtk9HCBdo anila@Anil_Amara",
            "region": "ap-south-1",
            "tags": null,
            "tags_all": {}
          },
          "sensitive_attributes": [],
          "identity_schema_version": 0,
          "private": "eyJzY2hlbWFfdmVyc2lvbiI6IjEifQ=="
        }
      ]
    },
    {
      "module": "module.jumpserver",
      "mode": "managed",
      "type": "aws_instance",
      "name": "this",
      "provider": "provider[\"registry.terraform.io/hashicorp/aws\"]",
      "instances": [
        {
          "schema_version": 2,
          "attributes": {
            "ami": "ami-03f4878755434977f",
            "arn": "arn:aws:ec2:ap-south-1:584730103345:instance/i-0e04bdb76aa06e8d6",
            "associate_public_ip_address": true,
            "availability_zone": "ap-south-1a",
            "capacity_reservation_specification": [
              {
                "capacity_reservation_preference": "open",
                "capacity_reservation_target": []
              }
            ],
            "cpu_options": [
              {
                "amd_sev_snp": "",
                "core_count": 1,
                "threads_per_core": 2
              }
            ],
            "credit_specification": [],
            "disable_api_stop": false,
            "disable_api_termination": false,
            "ebs_block_device": [],
            "ebs_optimized": false,
            "enable_primary_ipv6": null,
            "enclave_options": [
              {
                "enabled": false
              }
            ],
            "ephemeral_block_device": [],
            "force_destroy": false,
            "get_password_data": false,
            "hibernation": false,
            "host_id": "",
            "host_resource_group_arn": null,
            "iam_instance_profile": "",
            "id": "i-0e04bdb76aa06e8d6",
            "instance_initiated_shutdown_behavior": "stop",
            "instance_lifecycle": "",
            "instance_market_options": [],
            "instance_state": "running",
            "instance_type": "c7i-flex.large",
            "ipv6_address_count": 0,
            "ipv6_addresses": [],
            "key_name": "jumpserver-key",
            "launch_template": [],
            "maintenance_options": [
              {
                "auto_recovery": "default"
              }
            ],
            "metadata_options": [
              {
                "http_endpoint": "enabled",
                "http_protocol_ipv6": "disabled",
                "http_put_response_hop_limit": 1,
                "http_tokens": "optional",
                "instance_metadata_tags": "disabled"
              }
            ],
            "monitoring": false,
            "network_interface": [],
            "outpost_arn": "",
            "password_data": "",
            "placement_group": "",
            "placement_group_id": "",
            "placement_partition_number": 0,
            "primary_network_interface": [
              {
                "delete_on_termination": true,
                "network_interface_id": "eni-01e885452de72fd77"
              }
            ],
            "primary_network_interface_id": "eni-01e885452de72fd77",
            "private_dns": "ip-10-0-1-159.ap-south-1.compute.internal",
            "private_dns_name_options": [
              {
                "enable_resource_name_dns_a_record": false,
                "enable_resource_name_dns_aaaa_record": false,
                "hostname_type": "ip-name"
              }
            ],
            "private_ip": "10.0.1.159",
            "public_dns": "",
            "public_ip": "15.206.173.52",
            "region": "ap-south-1",
            "root_block_device": [
              {
                "delete_on_termination": true,
                "device_name": "/dev/sda1",
                "encrypted": false,
                "iops": 100,
                "kms_key_id": "",
                "tags": {},
                "tags_all": {},
                "throughput": 0,
                "volume_id": "vol-0a58951b8a27fa66b",
                "volume_size": 8,
                "volume_type": "gp2"
              }
            ],
            "secondary_private_ips": [],
            "security_groups": [],
            "source_dest_check": true,
            "spot_instance_request_id": "",
            "subnet_id": "subnet-01134e3ce3c12cc41",
            "tags": {
              "Name": "jumpserver"
            },
            "tags_all": {
              "Name": "jumpserver"
            },
            "tenancy": "default",
            "timeouts": null,
            "user_data": null,
            "user_data_base64": "IyEvYmluL2Jhc2gKCmV4ZWMgPiA+KHRlZSAvdmFyL2xvZy91c2VyLWRhdGEubG9nKSAyPiYxCmVjaG8gIj09PT09IEp1bXAgU2VydmVyIFNldHVwIFN0YXJ0ZWQ6ICQoZGF0ZSkgPT09PT0iCgpzbGVlcCAzMApleHBvcnQgREVCSUFOX0ZST05URU5EPW5vbmludGVyYWN0aXZlCgojIFVwZGF0ZSBzeXN0ZW0KYXB0LWdldCB1cGRhdGUgfHwgdHJ1ZQphcHQtZ2V0IHVwZ3JhZGUgLXkgfHwgdHJ1ZQoKIyBCYXNlIHBhY2thZ2VzCmFwdC1nZXQgaW5zdGFsbCAteSBcCiAgY3VybCB3Z2V0IGdpdCB2aW0gbmFubyB1bnppcCB6aXAganEgdHJlZSBodG9wIHRtdXggbmV0LXRvb2xzIFwKICBzb2Z0d2FyZS1wcm9wZXJ0aWVzLWNvbW1vbiBhcHQtdHJhbnNwb3J0LWh0dHBzIGNhLWNlcnRpZmljYXRlcyBcCiAgZ251cGcgbHNiLXJlbGVhc2UgYnVpbGQtZXNzZW50aWFsIHx8IHRydWUKCiMgUHl0aG9uCmFwdC1nZXQgaW5zdGFsbCAteSBweXRob24zIHB5dGhvbjMtcGlwIHB5dGhvbjMtdmVudiBweXRob24zLWRldiB8fCB0cnVlCgojIEFuc2libGUKYXB0LWdldCBpbnN0YWxsIC15IGFuc2libGUgfHwgdHJ1ZQoKIyBUZXJyYWZvcm0KaWYgISBjb21tYW5kIC12IHRlcnJhZm9ybSA+L2Rldi9udWxsOyB0aGVuCiAgY3VybCAtZnNTTCBodHRwczovL2FwdC5yZWxlYXNlcy5oYXNoaWNvcnAuY29tL2dwZyBcCiAgICB8IGdwZyAtLWRlYXJtb3IgLW8gL3Vzci9zaGFyZS9rZXlyaW5ncy9oYXNoaWNvcnAuZ3BnIHx8IHRydWUKICBlY2hvICJkZWIgW3NpZ25lZC1ieT0vdXNyL3NoYXJlL2tleXJpbmdzL2hhc2hpY29ycC5ncGddIFwKaHR0cHM6Ly9hcHQucmVsZWFzZXMuaGFzaGljb3JwLmNvbSAkKGxzYl9yZWxlYXNlIC1jcykgbWFpbiIgXAogICAgPiAvZXRjL2FwdC9zb3VyY2VzLmxpc3QuZC9oYXNoaWNvcnAubGlzdAogIGFwdC1nZXQgdXBkYXRlIHx8IHRydWUKICBhcHQtZ2V0IGluc3RhbGwgLXkgdGVycmFmb3JtIHx8IHRydWUKZmkKCiMga3ViZWN0bApjdXJsIC1mc1NMIGh0dHBzOi8vZGwuazhzLmlvL3JlbGVhc2Uvc3RhYmxlLnR4dCAtbyAvdG1wL2s4c192ZXJzaW9uIHx8IHRydWUKY3VybCAtZnNTTCBodHRwczovL2RsLms4cy5pby9yZWxlYXNlLyQoY2F0IC90bXAvazhzX3ZlcnNpb24pL2Jpbi9saW51eC9hbWQ2NC9rdWJlY3RsIFwKICAtbyAvdXNyL2xvY2FsL2Jpbi9rdWJlY3RsIHx8IHRydWUKY2htb2QgK3ggL3Vzci9sb2NhbC9iaW4va3ViZWN0bAoKIyBIZWxtCmN1cmwgLWZzU0wgaHR0cHM6Ly9yYXcuZ2l0aHVidXNlcmNvbnRlbnQuY29tL2hlbG0vaGVsbS9tYWluL3NjcmlwdHMvZ2V0LWhlbG0tMyB8IGJhc2ggfHwgdHJ1ZQoKIyBBV1MgQ0xJIHYyCmlmICEgY29tbWFuZCAtdiBhd3MgPi9kZXYvbnVsbDsgdGhlbgogIGN1cmwgLWZzU0wgaHR0cHM6Ly9hd3NjbGkuYW1hem9uYXdzLmNvbS9hd3NjbGktZXhlLWxpbnV4LXg4Nl82NC56aXAgLW8gYXdzY2xpdjIuemlwIHx8IHRydWUKICB1bnppcCBhd3NjbGl2Mi56aXAgfHwgdHJ1ZQogIC4vYXdzL2luc3RhbGwgfHwgdHJ1ZQpmaQoKIyBBcmdvIENEIENMSQpjdXJsIC1mc1NMIC1vIC91c3IvbG9jYWwvYmluL2FyZ29jZCBcCmh0dHBzOi8vZ2l0aHViLmNvbS9hcmdvcHJvai9hcmdvLWNkL3JlbGVhc2VzL2xhdGVzdC9kb3dubG9hZC9hcmdvY2QtbGludXgtYW1kNjQgfHwgdHJ1ZQpjaG1vZCAreCAvdXNyL2xvY2FsL2Jpbi9hcmdvY2QKCiMgRmx1eCBDTEkKY3VybCAtZnNTTCBodHRwczovL2ZsdXhjZC5pby9pbnN0YWxsLnNoIHwgYmFzaCB8fCB0cnVlCgojIGs5cwpjdXJsIC1mc1NMIGh0dHBzOi8vZ2l0aHViLmNvbS9kZXJhaWxlZC9rOXMvcmVsZWFzZXMvbGF0ZXN0L2Rvd25sb2FkL2s5c19MaW51eF9hbWQ2NC50YXIuZ3ogXAogIC1vIC90bXAvazlzLnRhci5neiB8fCB0cnVlCnRhciAteHpmIC90bXAvazlzLnRhci5neiAtQyAvdXNyL2xvY2FsL2JpbiB8fCB0cnVlCgojIGt1YmVjdHggJiBrdWJlbnMKZ2l0IGNsb25lIGh0dHBzOi8vZ2l0aHViLmNvbS9haG1ldGIva3ViZWN0eCAvb3B0L2t1YmVjdHggfHwgdHJ1ZQpsbiAtc2YgL29wdC9rdWJlY3R4L2t1YmVjdHggL3Vzci9sb2NhbC9iaW4va3ViZWN0eApsbiAtc2YgL29wdC9rdWJlY3R4L2t1YmVucyAvdXNyL2xvY2FsL2Jpbi9rdWJlbnMKCiMgc3Rlcm4KY3VybCAtZnNTTCBodHRwczovL2dpdGh1Yi5jb20vc3Rlcm4vc3Rlcm4vcmVsZWFzZXMvbGF0ZXN0L2Rvd25sb2FkL3N0ZXJuX2xpbnV4X2FtZDY0LnRhci5neiBcCiAgLW8gL3RtcC9zdGVybi50YXIuZ3ogfHwgdHJ1ZQp0YXIgLXh6ZiAvdG1wL3N0ZXJuLnRhci5neiAtQyAvdXNyL2xvY2FsL2JpbiB8fCB0cnVlCgojIEdpdEh1YiBBY3Rpb25zIFJ1bm5lciAoYmluYXJ5IG9ubHksIHJlZ2lzdHJhdGlvbiBsYXRlcikKbWtkaXIgLXAgL29wdC9hY3Rpb25zLXJ1bm5lcgpjZCAvb3B0L2FjdGlvbnMtcnVubmVyIHx8IGV4aXQKY3VybCAtZnNTTCBodHRwczovL2dpdGh1Yi5jb20vYWN0aW9ucy9ydW5uZXIvcmVsZWFzZXMvbGF0ZXN0L2Rvd25sb2FkL2FjdGlvbnMtcnVubmVyLWxpbnV4LXg2NC50YXIuZ3ogXAogIC1vIHJ1bm5lci50YXIuZ3ogfHwgdHJ1ZQp0YXIgeHpmIHJ1bm5lci50YXIuZ3ogfHwgdHJ1ZQpjaG93biAtUiB1YnVudHU6dWJ1bnR1IC9vcHQvYWN0aW9ucy1ydW5uZXIKCiMgV29ya3NwYWNlCm1rZGlyIC1wIC9ob21lL3VidW50dS93b3Jrc3BhY2Uve2Fuc2libGUsdGVycmFmb3JtLGs4cy1tYW5pZmVzdHMsc2NyaXB0c30KY2hvd24gLVIgdWJ1bnR1OnVidW50dSAvaG9tZS91YnVudHUvd29ya3NwYWNlCgojIFNTSCBrZXkgZm9yIEs4cyBub2RlcwpzdWRvIC11IHVidW50dSBzc2gta2V5Z2VuIC10IGVkMjU1MTkgXAogIC1mIC9ob21lL3VidW50dS8uc3NoL2s4cy1jbHVzdGVyLWtleSAtTiAiIiB8fCB0cnVlCgp0b3VjaCAvdmFyL2xvZy91c2VyLWRhdGEtY29tcGxldGUKZWNobyAiPT09PT0gSnVtcCBTZXJ2ZXIgU2V0dXAgRmluaXNoZWQ6ICQoZGF0ZSkgPT09PT0iCgo=",
            "user_data_replace_on_change": false,
            "volume_tags": null,
            "vpc_security_group_ids": [
              "sg-08893d86ba3037067"
            ]
          },
          "sensitive_attributes": [],
          "identity_schema_version": 0,
          "identity": {
            "account_id": "584730103345",
            "id": "i-0e04bdb76aa06e8d6",
            "region": "ap-south-1"
          },
          "private": "eyJlMmJmYjczMC1lY2FhLTExZTYtOGY4OC0zNDM2M2JjN2M0YzAiOnsiY3JlYXRlIjo2MDAwMDAwMDAwMDAsImRlbGV0ZSI6MTIwMDAwMDAwMDAwMCwicmVhZCI6OTAwMDAwMDAwMDAwLCJ1cGRhdGUiOjYwMDAwMDAwMDAwMH0sInNjaGVtYV92ZXJzaW9uIjoiMiJ9",
          "dependencies": [
            "aws_key_pair.jump",
            "module.security.aws_security_group.jump",
            "module.vpc.aws_subnet.public",
            "module.vpc.aws_vpc.this"
          ]
        }
      ]
    },
    {
      "module": "module.security",
      "mode": "managed",
      "type": "aws_security_group",
      "name": "jump",
      "provider": "provider[\"registry.terraform.io/hashicorp/aws\"]",
      "instances": [
        {
          "schema_version": 1,
          "attributes": {
            "arn": "arn:aws:ec2:ap-south-1:584730103345:security-group/sg-08893d86ba3037067",
            "description": "Managed by Terraform",
            "egress": [
              {
                "cidr_blocks": [
                  "0.0.0.0/0"
                ],
                "description": "",
                "from_port": 0,
                "ipv6_cidr_blocks": [],
                "prefix_list_ids": [],
                "protocol": "-1",
                "security_groups": [],
                "self": false,
                "to_port": 0
              }
            ],
            "id": "sg-08893d86ba3037067",
            "ingress": [
              {
                "cidr_blocks": [
                  "0.0.0.0/0"
                ],
                "description": "",
                "from_port": 22,
                "ipv6_cidr_blocks": [],
                "prefix_list_ids": [],
                "protocol": "tcp",
                "security_groups": [],
                "self": false,
                "to_port": 22
              }
            ],
            "name": "terraform-20251231125528264100000001",
            "name_prefix": "terraform-",
            "owner_id": "584730103345",
            "region": "ap-south-1",
            "revoke_rules_on_delete": false,
            "tags": null,
            "tags_all": {},
            "timeouts": null,
            "vpc_id": "vpc-0d438e5d5b3a5056a"
          },
          "sensitive_attributes": [],
          "identity_schema_version": 0,
          "identity": {
            "account_id": "584730103345",
            "id": "sg-08893d86ba3037067",
            "region": "ap-south-1"
          },
          "private": "eyJlMmJmYjczMC1lY2FhLTExZTYtOGY4OC0zNDM2M2JjN2M0YzAiOnsiY3JlYXRlIjo2MDAwMDAwMDAwMDAsImRlbGV0ZSI6OTAwMDAwMDAwMDAwfSwic2NoZW1hX3ZlcnNpb24iOiIxIn0=",
          "dependencies": [
            "module.vpc.aws_vpc.this"
          ]
        }
      ]
    },
    {
      "module": "module.vpc",
      "mode": "managed",
      "type": "aws_internet_gateway",
      "name": "igw",
      "provider": "provider[\"registry.terraform.io/hashicorp/aws\"]",
      "instances": [
        {
          "schema_version": 0,
          "attributes": {
            "arn": "arn:aws:ec2:ap-south-1:584730103345:internet-gateway/igw-0999d414d82bcd6ed",
            "id": "igw-0999d414d82bcd6ed",
            "owner_id": "584730103345",
            "region": "ap-south-1",
            "tags": null,
            "tags_all": {},
            "timeouts": null,
            "vpc_id": "vpc-0d438e5d5b3a5056a"
          },
          "sensitive_attributes": [],
          "identity_schema_version": 0,
          "private": "eyJlMmJmYjczMC1lY2FhLTExZTYtOGY4OC0zNDM2M2JjN2M0YzAiOnsiY3JlYXRlIjoxMjAwMDAwMDAwMDAwLCJkZWxldGUiOjEyMDAwMDAwMDAwMDAsInVwZGF0ZSI6MTIwMDAwMDAwMDAwMH19",
          "dependencies": [
            "module.vpc.aws_vpc.this"
          ]
        }
      ]
    },
    {
      "module": "module.vpc",
      "mode": "managed",
      "type": "aws_route_table",
      "name": "public",
      "provider": "provider[\"registry.terraform.io/hashicorp/aws\"]",
      "instances": [
        {
          "schema_version": 0,
          "attributes": {
            "arn": "arn:aws:ec2:ap-south-1:584730103345:route-table/rtb-0929c9c181fa30057",
            "id": "rtb-0929c9c181fa30057",
            "owner_id": "584730103345",
            "propagating_vgws": [],
            "region": "ap-south-1",
            "route": [
              {
                "carrier_gateway_id": "",
                "cidr_block": "0.0.0.0/0",
                "core_network_arn": "",
                "destination_prefix_list_id": "",
                "egress_only_gateway_id": "",
                "gateway_id": "igw-0999d414d82bcd6ed",
                "ipv6_cidr_block": "",
                "local_gateway_id": "",
                "nat_gateway_id": "",
                "network_interface_id": "",
                "transit_gateway_id": "",
                "vpc_endpoint_id": "",
                "vpc_peering_connection_id": ""
              }
            ],
            "tags": null,
            "tags_all": {},
            "timeouts": null,
            "vpc_id": "vpc-0d438e5d5b3a5056a"
          },
          "sensitive_attributes": [],
          "identity_schema_version": 0,
          "identity": {
            "account_id": "584730103345",
            "id": "rtb-0929c9c181fa30057",
            "region": "ap-south-1"
          },
          "private": "eyJlMmJmYjczMC1lY2FhLTExZTYtOGY4OC0zNDM2M2JjN2M0YzAiOnsiY3JlYXRlIjozMDAwMDAwMDAwMDAsImRlbGV0ZSI6MzAwMDAwMDAwMDAwLCJ1cGRhdGUiOjEyMDAwMDAwMDAwMH19",
          "dependencies": [
            "module.vpc.aws_internet_gateway.igw",
            "module.vpc.aws_vpc.this"
          ]
        }
      ]
    },
    {
      "module": "module.vpc",
      "mode": "managed",
      "type": "aws_route_table_association",
      "name": "public",
      "provider": "provider[\"registry.terraform.io/hashicorp/aws\"]",
      "instances": [
        {
          "schema_version": 0,
          "attributes": {
            "gateway_id": "",
            "id": "rtbassoc-0867131bc2d55af82",
            "region": "ap-south-1",
            "route_table_id": "rtb-0929c9c181fa30057",
            "subnet_id": "subnet-01134e3ce3c12cc41",
            "timeouts": null
          },
          "sensitive_attributes": [],
          "identity_schema_version": 0,
          "private": "eyJlMmJmYjczMC1lY2FhLTExZTYtOGY4OC0zNDM2M2JjN2M0YzAiOnsiY3JlYXRlIjozMDAwMDAwMDAwMDAsImRlbGV0ZSI6MzAwMDAwMDAwMDAwLCJ1cGRhdGUiOjEyMDAwMDAwMDAwMH19",
          "dependencies": [
            "module.vpc.aws_internet_gateway.igw",
            "module.vpc.aws_route_table.public",
            "module.vpc.aws_subnet.public",
            "module.vpc.aws_vpc.this"
          ]
        }
      ]
    },
    {
      "module": "module.vpc",
      "mode": "managed",
      "type": "aws_subnet",
      "name": "public",
      "provider": "provider[\"registry.terraform.io/hashicorp/aws\"]",
      "instances": [
        {
          "schema_version": 1,
          "attributes": {
            "arn": "arn:aws:ec2:ap-south-1:584730103345:subnet/subnet-01134e3ce3c12cc41",
            "assign_ipv6_address_on_creation": false,
            "availability_zone": "ap-south-1a",
            "availability_zone_id": "aps1-az1",
            "cidr_block": "10.0.1.0/24",
            "customer_owned_ipv4_pool": "",
            "enable_dns64": false,
            "enable_lni_at_device_index": 0,
            "enable_resource_name_dns_a_record_on_launch": false,
            "enable_resource_name_dns_aaaa_record_on_launch": false,
            "id": "subnet-01134e3ce3c12cc41",
            "ipv6_cidr_block": "",
            "ipv6_cidr_block_association_id": "",
            "ipv6_native": false,
            "map_customer_owned_ip_on_launch": false,
            "map_public_ip_on_launch": true,
            "outpost_arn": "",
            "owner_id": "584730103345",
            "private_dns_hostname_type_on_launch": "ip-name",
            "region": "ap-south-1",
            "tags": null,
            "tags_all": {},
            "timeouts": null,
            "vpc_id": "vpc-0d438e5d5b3a5056a"
          },
          "sensitive_attributes": [],
          "identity_schema_version": 0,
          "identity": {
            "account_id": "584730103345",
            "id": "subnet-01134e3ce3c12cc41",
            "region": "ap-south-1"
          },
          "private": "eyJlMmJmYjczMC1lY2FhLTExZTYtOGY4OC0zNDM2M2JjN2M0YzAiOnsiY3JlYXRlIjo2MDAwMDAwMDAwMDAsImRlbGV0ZSI6MTIwMDAwMDAwMDAwMH0sInNjaGVtYV92ZXJzaW9uIjoiMSJ9",
          "dependencies": [
            "module.vpc.aws_vpc.this"
          ]
        }
      ]
    },
    {
      "module": "module.vpc",
      "mode": "managed",
      "type": "aws_vpc",
      "name": "this",
      "provider": "provider[\"registry.terraform.io/hashicorp/aws\"]",
      "instances": [
        {
          "schema_version": 1,
          "attributes": {
            "arn": "arn:aws:ec2:ap-south-1:584730103345:vpc/vpc-0d438e5d5b3a5056a",
            "assign_generated_ipv6_cidr_block": false,
            "cidr_block": "10.0.0.0/16",
            "default_network_acl_id": "acl-0454f3f9af6685809",
            "default_route_table_id": "rtb-0a0ed465d6e6051e5",
            "default_security_group_id": "sg-0ce031ba3cc24c687",
            "dhcp_options_id": "dopt-064b1c9a2e859b4f9",
            "enable_dns_hostnames": false,
            "enable_dns_support": true,
            "enable_network_address_usage_metrics": false,
            "id": "vpc-0d438e5d5b3a5056a",
            "instance_tenancy": "default",
            "ipv4_ipam_pool_id": null,
            "ipv4_netmask_length": null,
            "ipv6_association_id": "",
            "ipv6_cidr_block": "",
            "ipv6_cidr_block_network_border_group": "",
            "ipv6_ipam_pool_id": "",
            "ipv6_netmask_length": 0,
            "main_route_table_id": "rtb-0a0ed465d6e6051e5",
            "owner_id": "584730103345",
            "region": "ap-south-1",
            "tags": {
              "Name": "jump-vpc"
            },
            "tags_all": {
              "Name": "jump-vpc"
            }
          },
          "sensitive_attributes": [],
          "identity_schema_version": 0,
          "identity": {
            "account_id": "584730103345",
            "id": "vpc-0d438e5d5b3a5056a",
            "region": "ap-south-1"
          },
          "private": "eyJzY2hlbWFfdmVyc2lvbiI6IjEifQ=="
        }
      ]
    }
  ],
  "check_results": null
}
